
Microsoft Visual Studio Solution File, Format Version 12.00
# Visual Studio 14
VisualStudioVersion = 14.0.22129.1
MinimumVisualStudioVersion = 10.0.40219.1
Project("{FAE04EC0-301F-11D3-BF4B-00C04F79EFBC}") = "NetML", "NetML\NetML.csproj", "{F41DF4CD-24AE-48EE-9F9A-1C253CFC1BB8}"
EndProject
Project("{FAE04EC0-301F-11D3-BF4B-00C04F79EFBC}") = "NetMLTests", "NetMLTests\NetMLTests.csproj", "{6225C662-6912-48F7-A9EA-99B44BD3DBDA}"
EndProject
Project("{FAE04EC0-301F-11D3-BF4B-00C04F79EFBC}") = "netMLLanguage", "netMLLanguage\netMLLanguage.csproj", "{95E895EF-8282-497D-9066-66C9EC9FBA31}"
EndProject
Global
	GlobalSection(SolutionConfigurationPlatforms) = preSolution
		Debug|Any CPU = Debug|Any CPU
		Release|Any CPU = Release|Any CPU
	EndGlobalSection
	GlobalSection(ProjectConfigurationPlatforms) = postSolution
		{F41DF4CD-24AE-48EE-9F9A-1C253CFC1BB8}.Debug|Any CPU.ActiveCfg = Debug|Any CPU
		{F41DF4CD-24AE-48EE-9F9A-1C253CFC1BB8}.Debug|Any CPU.Build.0 = Debug|Any CPU
		{F41DF4CD-24AE-48EE-9F9A-1C253CFC1BB8}.Release|Any CPU.ActiveCfg = Release|Any CPU
		{F41DF4CD-24AE-48EE-9F9A-1C253CFC1BB8}.Release|Any CPU.Build.0 = Release|Any CPU
		{6225C662-6912-48F7-A9EA-99B44BD3DBDA}.Debug|Any CPU.ActiveCfg = Debug|Any CPU
		{6225C662-6912-48F7-A9EA-99B44BD3DBDA}.Debug|Any CPU.Build.0 = Debug|Any CPU
		{6225C662-6912-48F7-A9EA-99B44BD3DBDA}.Release|Any CPU.ActiveCfg = Release|Any CPU
		{6225C662-6912-48F7-A9EA-99B44BD3DBDA}.Release|Any CPU.Build.0 = Release|Any CPU
		{95E895EF-8282-497D-9066-66C9EC9FBA31}.Debug|Any CPU.ActiveCfg = Debug|Any CPU
		{95E895EF-8282-497D-9066-66C9EC9FBA31}.Debug|Any CPU.Build.0 = Debug|Any CPU
		{95E895EF-8282-497D-9066-66C9EC9FBA31}.Release|Any CPU.ActiveCfg = Release|Any CPU
		{95E895EF-8282-497D-9066-66C9EC9FBA31}.Release|Any CPU.Build.0 = Release|Any CPU
	EndGlobalSection
	GlobalSection(SolutionProperties) = preSolution
		HideSolutionNode = FALSE
	EndGlobalSection
	GlobalSection(TeamFoundationVersionControl) = preSolution
		SccNumberOfProjects = 4
		SccEnterpriseProvider = {4CA58AB2-18FA-4F8D-95D4-32DDF27D184C}
		SccTeamFoundationServer = https://netmatze.visualstudio.com/defaultcollection
		SccLocalPath0 = .
		SccProjectUniqueName1 = NetML\\NetML.csproj
		SccProjectName1 = NetML
		SccLocalPath1 = NetML
		SccProjectUniqueName2 = NetMLTests\\NetMLTests.csproj
		SccProjectName2 = NetMLTests
		SccLocalPath2 = NetMLTests
		SccProjectUniqueName3 = netMLLanguage\\netMLLanguage.csproj
		SccProjectName3 = netMLLanguage
		SccLocalPath3 = netMLLanguage
	EndGlobalSection
EndGlobal
